<?xml version="1.0" encoding="utf-8"?>
<Project ToolsVersion="4.0" xmlns="http://schemas.microsoft.com/developer/msbuild/2003">
  <ItemGroup>
    <Filter Include="Source Files">
      <UniqueIdentifier>{4FC737F1-C7A5-4376-A066-2A32D752A2FF}</UniqueIdentifier>
      <Extensions>cpp;c;cc;cxx;def;odl;idl;hpj;bat;asm;asmx</Extensions>
    </Filter>
    <Filter Include="Header Files">
      <UniqueIdentifier>{93995380-89BD-4b04-88EB-625FBE52EBFB}</UniqueIdentifier>
      <Extensions>h;hh;hpp;hxx;hm;inl;inc;xsd</Extensions>
    </Filter>
    <Filter Include="Resource Files">
      <UniqueIdentifier>{67DA6AB6-F800-4c08-8B7A-83BB121AAD01}</UniqueIdentifier>
      <Extensions>rc;ico;cur;bmp;dlg;rc2;rct;bin;rgs;gif;jpg;jpeg;jpe;resx;tiff;tif;png;wav;mfcribbon-ms</Extensions>
    </Filter>
    <Filter Include="Source Files\Entities">
      <UniqueIdentifier>{4f92d224-1ba4-472a-bda5-3f4f4c4829a5}</UniqueIdentifier>
    </Filter>
    <Filter Include="Source Files\Entities\Cube">
      <UniqueIdentifier>{bf034578-aa62-43c6-8090-14b0da1234a6}</UniqueIdentifier>
    </Filter>
    <Filter Include="Source Files\Entities\Floor">
      <UniqueIdentifier>{cfc75765-98c4-4cfe-9d67-22254c4bb201}</UniqueIdentifier>
    </Filter>
    <Filter Include="Source Files\Entities\Light">
      <UniqueIdentifier>{7b5f3f7d-2822-48b7-b3d5-e2b2f9d9ab97}</UniqueIdentifier>
    </Filter>
    <Filter Include="Source Files\RenderPasses">
      <UniqueIdentifier>{51c6af4a-e87b-4429-9cb8-8125ffc8ae89}</UniqueIdentifier>
    </Filter>
  </ItemGroup>
  <ItemGroup>
    <ClCompile Include="src\main.cpp">
      <Filter>Source Files</Filter>
    </ClCompile>
    <ClCompile Include="src\GlfwRenderWindow.cpp">
      <Filter>Source Files</Filter>
    </ClCompile>
    <ClCompile Include="src\Entities\Cube\CubeGeometry.cpp">
      <Filter>Source Files\Entities\Cube</Filter>
    </ClCompile>
    <ClCompile Include="src\Entities\Cube\CubeMaterial.cpp">
      <Filter>Source Files\Entities\Cube</Filter>
    </ClCompile>
    <ClCompile Include="src\Entities\Cube\CubeEntity.cpp">
      <Filter>Source Files\Entities\Cube</Filter>
    </ClCompile>
    <ClCompile Include="src\Entities\Player.cpp">
      <Filter>Source Files\Entities</Filter>
    </ClCompile>
    <ClCompile Include="src\Entities\Floor\FloorGeometry.cpp">
      <Filter>Source Files\Entities\Floor</Filter>
    </ClCompile>
    <ClCompile Include="src\Entities\Floor\FloorMaterial.cpp">
      <Filter>Source Files\Entities\Floor</Filter>
    </ClCompile>
    <ClCompile Include="src\Entities\Floor\FloorEntity.cpp">
      <Filter>Source Files\Entities\Floor</Filter>
    </ClCompile>
    <ClCompile Include="src\Entities\Light\SphereGeometry.cpp">
      <Filter>Source Files\Entities\Light</Filter>
    </ClCompile>
    <ClCompile Include="src\Entities\Light\LightMaterial.cpp">
      <Filter>Source Files\Entities\Light</Filter>
    </ClCompile>
    <ClCompile Include="src\Entities\Light\DirectionalLightEntity.cpp">
      <Filter>Source Files\Entities\Light</Filter>
    </ClCompile>
    <ClCompile Include="src\RenderPasses\RenderToScreenPass.cpp">
      <Filter>Source Files\RenderPasses</Filter>
    </ClCompile>
    <ClCompile Include="src\RenderPasses\ShadowMapPass.cpp">
      <Filter>Source Files\RenderPasses</Filter>
    </ClCompile>
  </ItemGroup>
  <ItemGroup>
    <ClInclude Include="src\GlfwRenderWindow.h">
      <Filter>Source Files</Filter>
    </ClInclude>
    <ClInclude Include="src\Entities\Cube\CubeGeometry.h">
      <Filter>Source Files\Entities\Cube</Filter>
    </ClInclude>
    <ClInclude Include="src\Entities\Cube\CubeMaterial.h">
      <Filter>Source Files\Entities\Cube</Filter>
    </ClInclude>
    <ClInclude Include="src\Entities\Cube\CubeEntity.h">
      <Filter>Source Files\Entities\Cube</Filter>
    </ClInclude>
    <ClInclude Include="src\Entities\Player.h">
      <Filter>Source Files\Entities</Filter>
    </ClInclude>
    <ClInclude Include="src\Entities\Floor\FloorEntity.h">
      <Filter>Source Files\Entities\Floor</Filter>
    </ClInclude>
    <ClInclude Include="src\Entities\Floor\FloorGeometry.h">
      <Filter>Source Files\Entities\Floor</Filter>
    </ClInclude>
    <ClInclude Include="src\Entities\Floor\FloorMaterial.h">
      <Filter>Source Files\Entities\Floor</Filter>
    </ClInclude>
    <ClInclude Include="src\Entities\Light\SphereGeometry.h">
      <Filter>Source Files\Entities\Light</Filter>
    </ClInclude>
    <ClInclude Include="src\Entities\Light\LightMaterial.h">
      <Filter>Source Files\Entities\Light</Filter>
    </ClInclude>
    <ClInclude Include="src\Entities\Light\DirectionalLightEntity.h">
      <Filter>Source Files\Entities\Light</Filter>
    </ClInclude>
    <ClInclude Include="src\RenderPasses\RenderToScreenPass.h">
      <Filter>Source Files\RenderPasses</Filter>
    </ClInclude>
    <ClInclude Include="src\RenderPasses\ShadowMapPass.h">
      <Filter>Source Files\RenderPasses</Filter>
    </ClInclude>
  </ItemGroup>
</Project>